PODS:
  - barcode_scan (0.0.1):
    - Flutter
    - MTBBarcodeScanner
  - Flutter (1.0.0)
  - flutter_barcode_scanner (1.0.2):
    - Flutter
  - gallery_saver (0.0.1):
    - Flutter
  - GoogleDataTransport (7.5.1):
    - nanopb (~> 1.30906.0)
  - GoogleMLKit/BarcodeScanning (0.63.0):
    - GoogleMLKit/MLKitCore
    - MLKitBarcodeScanning (~> 0.63.0)
  - GoogleMLKit/MLKitCore (0.63.0):
    - MLKitCommon (~> 0.63.0)
  - GoogleMLKit/TextRecognition (0.63.0):
    - GoogleMLKit/MLKitCore
    - MLKitTextRecognition (~> 0.63.0)
  - GoogleToolboxForMac/DebugUtils (2.3.0):
    - GoogleToolboxForMac/Defines (= 2.3.0)
  - GoogleToolboxForMac/Defines (2.3.0)
  - GoogleToolboxForMac/Logger (2.3.0):
    - GoogleToolboxForMac/Defines (= 2.3.0)
  - "GoogleToolboxForMac/NSData+zlib (2.3.0)":
    - GoogleToolboxForMac/Defines (= 2.3.0)
  - "GoogleToolboxForMac/NSDictionary+URLArguments (2.3.0)":
    - GoogleToolboxForMac/DebugUtils (= 2.3.0)
    - GoogleToolboxForMac/Defines (= 2.3.0)
    - "GoogleToolboxForMac/NSString+URLArguments (= 2.3.0)"
  - "GoogleToolboxForMac/NSString+URLArguments (2.3.0)"
  - GoogleUtilities/Environment (6.7.2):
    - PromisesObjC (~> 1.2)
  - GoogleUtilities/Logger (6.7.2):
    - GoogleUtilities/Environment
  - GoogleUtilities/UserDefaults (6.7.2):
    - GoogleUtilities/Logger
  - GoogleUtilitiesComponents (1.0.0):
    - GoogleUtilities/Logger
  - GTMSessionFetcher/Core (1.3.0)
  - image_picker (0.0.1):
    - Flutter
  - MLKitBarcodeScanning (0.63.0):
    - MLKitCommon (~> 0.63)
    - MLKitVision (~> 0.63)
  - MLKitCommon (0.63.0):
    - GoogleDataTransport (~> 7.0)
    - GoogleToolboxForMac/Logger (~> 2.1)
    - "GoogleToolboxForMac/NSData+zlib (~> 2.1)"
    - "GoogleToolboxForMac/NSDictionary+URLArguments (~> 2.1)"
    - GoogleUtilities/UserDefaults (~> 6.0)
    - GoogleUtilitiesComponents (~> 1.0)
    - GTMSessionFetcher/Core (~> 1.1)
    - Protobuf (~> 3.12)
  - MLKitTextRecognition (0.63.0):
    - MLKitCommon (~> 0.63)
    - MLKitVision (~> 0.63)
  - MLKitVision (0.63.0):
    - GoogleToolboxForMac/Logger (~> 2.1)
    - "GoogleToolboxForMac/NSData+zlib (~> 2.1)"
    - GTMSessionFetcher/Core (~> 1.1)
    - MLKitCommon (~> 0.63)
    - Protobuf (~> 3.12)
  - MTBBarcodeScanner (5.0.11)
  - nanopb (1.30906.0):
    - nanopb/decode (= 1.30906.0)
    - nanopb/encode (= 1.30906.0)
  - nanopb/decode (1.30906.0)
  - nanopb/encode (1.30906.0)
  - native_device_orientation (0.0.1):
    - Flutter
  - path_provider (0.0.1):
    - Flutter
  - PromisesObjC (1.2.12)
  - Protobuf (3.14.0)
  - qr_mobile_vision (0.0.1):
    - Flutter
    - GoogleMLKit/BarcodeScanning
  - simple_ocr_plugin (0.0.1):
    - Flutter
    - GoogleMLKit/TextRecognition (~> 0.63.0)

DEPENDENCIES:
  - barcode_scan (from `.symlinks/plugins/barcode_scan/ios`)
  - Flutter (from `Flutter`)
  - flutter_barcode_scanner (from `.symlinks/plugins/flutter_barcode_scanner/ios`)
  - gallery_saver (from `.symlinks/plugins/gallery_saver/ios`)
  - image_picker (from `.symlinks/plugins/image_picker/ios`)
  - native_device_orientation (from `.symlinks/plugins/native_device_orientation/ios`)
  - path_provider (from `.symlinks/plugins/path_provider/ios`)
  - qr_mobile_vision (from `.symlinks/plugins/qr_mobile_vision/ios`)
  - simple_ocr_plugin (from `.symlinks/plugins/simple_ocr_plugin/ios`)

SPEC REPOS:
  trunk:
    - GoogleDataTransport
    - GoogleMLKit
    - GoogleToolboxForMac
    - GoogleUtilities
    - GoogleUtilitiesComponents
    - GTMSessionFetcher
    - MLKitBarcodeScanning
    - MLKitCommon
    - MLKitTextRecognition
    - MLKitVision
    - MTBBarcodeScanner
    - nanopb
    - PromisesObjC
    - Protobuf

EXTERNAL SOURCES:
  barcode_scan:
    :path: ".symlinks/plugins/barcode_scan/ios"
  Flutter:
    :path: Flutter
  flutter_barcode_scanner:
    :path: ".symlinks/plugins/flutter_barcode_scanner/ios"
  gallery_saver:
    :path: ".symlinks/plugins/gallery_saver/ios"
  image_picker:
    :path: ".symlinks/plugins/image_picker/ios"
  native_device_orientation:
    :path: ".symlinks/plugins/native_device_orientation/ios"
  path_provider:
    :path: ".symlinks/plugins/path_provider/ios"
  qr_mobile_vision:
    :path: ".symlinks/plugins/qr_mobile_vision/ios"
  simple_ocr_plugin:
    :path: ".symlinks/plugins/simple_ocr_plugin/ios"

SPEC CHECKSUMS:
  barcode_scan: 33f586d02270046fc6559135038b34b5754eaa4f
  Flutter: 434fef37c0980e73bb6479ef766c45957d4b510c
  flutter_barcode_scanner: fc42adac0732eca7bd9d3d676b215bce5903f269
  gallery_saver: 9fc173c9f4fcc48af53b2a9ebea1b643255be542
  GoogleDataTransport: f56af7caa4ed338dc8e138a5d7c5973e66440833
  GoogleMLKit: 99fc8402693f034ecea567485af4de2bbb3ca108
  GoogleToolboxForMac: 1350d40e86a76f7863928d63bcb0b89c84c521c5
  GoogleUtilities: 7f2f5a07f888cdb145101d6042bc4422f57e70b3
  GoogleUtilitiesComponents: a69c0b3b369ba443e988141e75ef49d9010b1c80
  GTMSessionFetcher: 43b8b64263023d4f32caa0b40f4c8bfa3c5f36d8
  image_picker: 9c3312491f862b28d21ecd8fdf0ee14e601b3f09
  MLKitBarcodeScanning: 5392df9a6fb0ba1ce0ec9b1e2e11ff9e09362daa
  MLKitCommon: fc574613b15b3c61056f1f2c2277397bf8e1eeda
  MLKitTextRecognition: f63196c0836420144ac5a3cdc20635779e698628
  MLKitVision: e5c375d316ffe7f08bf9be06126002a156318d90
  MTBBarcodeScanner: f453b33c4b7dfe545d8c6484ed744d55671788cb
  nanopb: 59317e09cf1f1a0af72f12af412d54edf52603fc
  native_device_orientation: 3b4cfc9565a7b879cc4fde282b3e27745e852d0d
  path_provider: abfe2b5c733d04e238b0d8691db0cfd63a27a93c
  PromisesObjC: 3113f7f76903778cf4a0586bd1ab89329a0b7b97
  Protobuf: 0cde852566359049847168e51bd1c690e0f70056
  qr_mobile_vision: 308ef269e6bc257c05a4adf218e02afc2be09736
  simple_ocr_plugin: 0f3889e10ed488b8b75e2161a2c5a761cba82cb3

PODFILE CHECKSUM: 7368163408c647b7eb699d0d788ba6718e18fb8d

COCOAPODS: 1.10.1
